
Microsoft Visual Studio Solution File, Format Version 12.00
# Visual Studio Version 17
VisualStudioVersion = 17.10.35004.147
MinimumVisualStudioVersion = 10.0.40219.1
Project("{FAE04EC0-301F-11D3-BF4B-00C04F79EFBC}") = "Ovelse_7.1", "Ovelse_7.1\Ovelse_7.1.csproj", "{452D1A9C-5A6E-436E-9224-4E6EF6723DE3}"
EndProject
Global
	GlobalSection(SolutionConfigurationPlatforms) = preSolution
		Debug|Any CPU = Debug|Any CPU
		Release|Any CPU = Release|Any CPU
	EndGlobalSection
	GlobalSection(ProjectConfigurationPlatforms) = postSolution
		{452D1A9C-5A6E-436E-9224-4E6EF6723DE3}.Debug|Any CPU.ActiveCfg = Debug|Any CPU
		{452D1A9C-5A6E-436E-9224-4E6EF6723DE3}.Debug|Any CPU.Build.0 = Debug|Any CPU
		{452D1A9C-5A6E-436E-9224-4E6EF6723DE3}.Release|Any CPU.ActiveCfg = Release|Any CPU
		{452D1A9C-5A6E-436E-9224-4E6EF6723DE3}.Release|Any CPU.Build.0 = Release|Any CPU
	EndGlobalSection
	GlobalSection(SolutionProperties) = preSolution
		HideSolutionNode = FALSE
	EndGlobalSection
	GlobalSection(ExtensibilityGlobals) = postSolution
		SolutionGuid = {1BF7E643-6591-4068-AC2C-CEF4FE86BD5D}
	EndGlobalSection
EndGlobal
